
Microsoft Visual Studio Solution File, Format Version 12.00
# Visual Studio Version 16
VisualStudioVersion = 25.0.1703.0
MinimumVisualStudioVersion = 10.0.40219.1
Project("{FAE04EC0-301F-11D3-BF4B-00C04F79EFBC}") = "Stamford", "Stamford.csproj", "{5B0F9CB0-5815-414A-84AF-1EEDF107314B}"
EndProject
Global
	GlobalSection(SolutionConfigurationPlatforms) = preSolution
		Debug|Any CPU = Debug|Any CPU
		Release|Any CPU = Release|Any CPU
	EndGlobalSection
	GlobalSection(ProjectConfigurationPlatforms) = postSolution
		{5B0F9CB0-5815-414A-84AF-1EEDF107314B}.Debug|Any CPU.ActiveCfg = Debug|Any CPU
		{5B0F9CB0-5815-414A-84AF-1EEDF107314B}.Debug|Any CPU.Build.0 = Debug|Any CPU
		{5B0F9CB0-5815-414A-84AF-1EEDF107314B}.Release|Any CPU.ActiveCfg = Release|Any CPU
		{5B0F9CB0-5815-414A-84AF-1EEDF107314B}.Release|Any CPU.Build.0 = Release|Any CPU
	EndGlobalSection
	GlobalSection(SolutionProperties) = preSolution
		HideSolutionNode = FALSE
	EndGlobalSection
	GlobalSection(ExtensibilityGlobals) = postSolution
		SolutionGuid = {A72BE45F-31B3-4C65-946A-478579656974}
	EndGlobalSection
EndGlobal
